{
  "version": "4",
  "specifiers": {
    "npm:lodash@*": "4.17.21"
  },
  "npm": {
    "lodash@4.17.21": {
      "integrity": "sha512-v2kDEe57lecTulaDIuNTPy3Ry4gLGJ6Z1O3vE1krgXZNrsQ+LFTGHVxVjcXPs17LhbZVGedAJv8XZ1tvj5FvSg=="
    }
  },
  "workspace": {
    "dependencies": [
      "jsr:@nothing628/chalk@^1.0.1",
      "jsr:@stdext/assert@0.1",
      "npm:lodash@^4.17.21"
    ]
  }
}
